
Microsoft Visual Studio Solution File, Format Version 12.00
# Visual Studio 15
VisualStudioVersion = 15.0.28010.2016
MinimumVisualStudioVersion = 10.0.40219.1
Project("{9A19103F-16F7-4668-BE54-9A1E7A4F7556}") = "JonThomasson.Blog", "blog\JonThomasson.Blog.csproj", "{976DDDF5-1C0C-4BAD-92D8-F162013DFD16}"
EndProject
Global
	GlobalSection(SolutionConfigurationPlatforms) = preSolution
		Debug|Any CPU = Debug|Any CPU
		Release|Any CPU = Release|Any CPU
	EndGlobalSection
	GlobalSection(ProjectConfigurationPlatforms) = postSolution
		{976DDDF5-1C0C-4BAD-92D8-F162013DFD16}.Debug|Any CPU.ActiveCfg = Debug|Any CPU
		{976DDDF5-1C0C-4BAD-92D8-F162013DFD16}.Debug|Any CPU.Build.0 = Debug|Any CPU
		{976DDDF5-1C0C-4BAD-92D8-F162013DFD16}.Release|Any CPU.ActiveCfg = Release|Any CPU
		{976DDDF5-1C0C-4BAD-92D8-F162013DFD16}.Release|Any CPU.Build.0 = Release|Any CPU
	EndGlobalSection
	GlobalSection(SolutionProperties) = preSolution
		HideSolutionNode = FALSE
	EndGlobalSection
	GlobalSection(ExtensibilityGlobals) = postSolution
		SolutionGuid = {4CBBE4B2-81F6-4BD4-BF05-434F13B35469}
	EndGlobalSection
EndGlobal
